<Solution>
  <Folder Name="/src/" />
  <Folder Name="/src/Core/">
    <Project Path="src/Core/AICopilot.Core.AiGateway/AICopilot.Core.AiGateway.csproj" Id="8f337f21-7397-4254-afdc-cc1e04cca148" />
  </Folder>
  <Folder Name="/src/Hosts/">
    <Project Path="src/Hosts/AICopilot.AppHost/AICopilot.AppHost.csproj" />
    <Project Path="src/Hosts/AICopilot.HttpApi/AICopilot.HttpApi.csproj" />
    <Project Path="src/Hosts/AICopilot.MigrationWorkApp/AICopilot.MigrationWorkApp.csproj" />
    <Project Path="src/Hosts/AICopilot.ServiceDefaults/AICopilot.ServiceDefaults.csproj" />
  </Folder>
  <Folder Name="/src/Infrastructure/">
    <Project Path="src/Infrastructure/AICopilot.EntityFrameworkCore/AICopilot.EntityFrameworkCore.csproj" Id="fc5ebf86-137f-4da9-8e82-8567e320240f" />
    <Project Path="src/Infrastructure/AICopilot.Infrastructure/AICopilot.Infrastructure.csproj" Id="4f9e108f-c28d-4cd4-bd36-7d1bbb40e912" />
  </Folder>
  <Folder Name="/src/Services/">
    <Project Path="src/Services/AICopilot.AiGatewayService/AICopilot.AiGatewayService.csproj" Id="0a09b3ee-2f25-43e2-aedb-79b0f7639e11" />
    <Project Path="src/Services/AICopilot.IdentityService/AICopilot.IdentityService.csproj" Id="c6f38764-fdcc-4285-b174-687229d5195d" />
    <Project Path="src/Services/AICopilot.Services.Common/AICopilot.Services.Common.csproj" Id="59517a8e-191a-450d-a354-a37ca72ba5db" />
  </Folder>
  <Folder Name="/src/Shared/">
    <Project Path="src/Shared/AICopilot.SharedKernel/AICopilot.SharedKernel.csproj" Id="9d341780-8e35-4092-92b5-1e3356ae8efa" />
  </Folder>
</Solution>
